// !$*UTF8*$!
{
	archiveVersion = 1;
	classes = {
	};
	objectVersion = 77;
	objects = {

/* Begin PBXContainerItemProxy section */
		88D0FDD22CBE12EC00FBA8F2 /* PBXContainerItemProxy */ = {
			isa = PBXContainerItemProxy;
			containerPortal = 88D0FDB42CBE12EA00FBA8F2 /* Project object */;
			proxyType = 1;
			remoteGlobalIDString = 88D0FDBB2CBE12EA00FBA8F2;
			remoteInfo = QuranGuide;
		};
		88D0FDDC2CBE12EC00FBA8F2 /* PBXContainerItemProxy */ = {
			isa = PBXContainerItemProxy;
			containerPortal = 88D0FDB42CBE12EA00FBA8F2 /* Project object */;
			proxyType = 1;
			remoteGlobalIDString = 88D0FDBB2CBE12EA00FBA8F2;
			remoteInfo = QuranGuide;
		};
/* End PBXContainerItemProxy section */

/* Begin PBXFileReference section */
		88D0FDBC2CBE12EA00FBA8F2 /* QuranGuide.app */ = {isa = PBXFileReference; explicitFileType = wrapper.application; includeInIndex = 0; path = QuranGuide.app; sourceTree = BUILT_PRODUCTS_DIR; };
		88D0FDD12CBE12EC00FBA8F2 /* QuranGuideTests.xctest */ = {isa = PBXFileReference; explicitFileType = wrapper.cfbundle; includeInIndex = 0; path = QuranGuideTests.xctest; sourceTree = BUILT_PRODUCTS_DIR; };
		88D0FDDB2CBE12EC00FBA8F2 /* QuranGuideUITests.xctest */ = {isa = PBXFileReference; explicitFileType = wrapper.cfbundle; includeInIndex = 0; path = QuranGuideUITests.xctest; sourceTree = BUILT_PRODUCTS_DIR; };
/* End PBXFileReference section */

/* Begin PBXFileSystemSynchronizedRootGroup section */
		88D0FDBE2CBE12EA00FBA8F2 /* QuranGuide */ = {
			isa = PBXFileSystemSynchronizedRootGroup;
			path = QuranGuide;
			sourceTree = "<group>";
		};
		88D0FDD42CBE12EC00FBA8F2 /* QuranGuideTests */ = {
			isa = PBXFileSystemSynchronizedRootGroup;
			path = QuranGuideTests;
			sourceTree = "<group>";
		};
		88D0FDDE2CBE12EC00FBA8F2 /* QuranGuideUITests */ = {
			isa = PBXFileSystemSynchronizedRootGroup;
			path = QuranGuideUITests;
			sourceTree = "<group>";
		};
/* End PBXFileSystemSynchronizedRootGroup section */

/* Begin PBXFrameworksBuildPhase section */
		88D0FDB92CBE12EA00FBA8F2 /* Frameworks */ = {
			isa = PBXFrameworksBuildPhase;
			buildActionMask = 2147483647;
			files = (
			);
			runOnlyForDeploymentPostprocessing = 0;
		};
		88D0FDCE2CBE12EC00FBA8F2 /* Frameworks */ = {
			isa = PBXFrameworksBuildPhase;
			buildActionMask = 2147483647;
			files = (
			);
			runOnlyForDeploymentPostprocessing = 0;
		};
		88D0FDD82CBE12EC00FBA8F2 /* Frameworks */ = {
			isa = PBXFrameworksBuildPhase;
			buildActionMask = 2147483647;
			files = (
			);
			runOnlyForDeploymentPostprocessing = 0;
		};
/* End PBXFrameworksBuildPhase section */

/* Begin PBXGroup section */
		88D0FDB32CBE12EA00FBA8F2 = {
			isa = PBXGroup;
			children = (
				88D0FDBE2CBE12EA00FBA8F2 /* QuranGuide */,
				88D0FDD42CBE12EC00FBA8F2 /* QuranGuideTests */,
				88D0FDDE2CBE12EC00FBA8F2 /* QuranGuideUITests */,
				88D0FDBD2CBE12EA00FBA8F2 /* Products */,
			);
			sourceTree = "<group>";
		};
		88D0FDBD2CBE12EA00FBA8F2 /* Products */ = {
			isa = PBXGroup;
			children = (
				88D0FDBC2CBE12EA00FBA8F2 /* QuranGuide.app */,
				88D0FDD12CBE12EC00FBA8F2 /* QuranGuideTests.xctest */,
				88D0FDDB2CBE12EC00FBA8F2 /* QuranGuideUITests.xctest */,
			);
			name = Products;
			sourceTree = "<group>";
		};
/* End PBXGroup section */

/* Begin PBXNativeTarget section */
		88D0FDBB2CBE12EA00FBA8F2 /* QuranGuide */ = {
			isa = PBXNativeTarget;
			buildConfigurationList = 88D0FDE52CBE12EC00FBA8F2 /* Build configuration list for PBXNativeTarget "QuranGuide" */;
			buildPhases = (
				88D0FDB82CBE12EA00FBA8F2 /* Sources */,
				88D0FDB92CBE12EA00FBA8F2 /* Frameworks */,
				88D0FDBA2CBE12EA00FBA8F2 /* Resources */,
			);
			buildRules = (
			);
			dependencies = (
			);
			fileSystemSynchronizedGroups = (
				88D0FDBE2CBE12EA00FBA8F2 /* QuranGuide */,
			);
			name = QuranGuide;
			packageProductDependencies = (
			);
			productName = QuranGuide;
			productReference = 88D0FDBC2CBE12EA00FBA8F2 /* QuranGuide.app */;
			productType = "com.apple.product-type.application";
		};
		88D0FDD02CBE12EC00FBA8F2 /* QuranGuideTests */ = {
			isa = PBXNativeTarget;
			buildConfigurationList = 88D0FDE82CBE12EC00FBA8F2 /* Build configuration list for PBXNativeTarget "QuranGuideTests" */;
			buildPhases = (
				88D0FDCD2CBE12EC00FBA8F2 /* Sources */,
				88D0FDCE2CBE12EC00FBA8F2 /* Frameworks */,
				88D0FDCF2CBE12EC00FBA8F2 /* Resources */,
			);
			buildRules = (
			);
			dependencies = (
				88D0FDD32CBE12EC00FBA8F2 /* PBXTargetDependency */,
			);
			fileSystemSynchronizedGroups = (
				88D0FDD42CBE12EC00FBA8F2 /* QuranGuideTests */,
			);
			name = QuranGuideTests;
			packageProductDependencies = (
			);
			productName = QuranGuideTests;
			productReference = 88D0FDD12CBE12EC00FBA8F2 /* QuranGuideTests.xctest */;
			productType = "com.apple.product-type.bundle.unit-test";
		};
		88D0FDDA2CBE12EC00FBA8F2 /* QuranGuideUITests */ = {
			isa = PBXNativeTarget;
			buildConfigurationList = 88D0FDEB2CBE12EC00FBA8F2 /* Build configuration list for PBXNativeTarget "QuranGuideUITests" */;
			buildPhases = (
				88D0FDD72CBE12EC00FBA8F2 /* Sources */,
				88D0FDD82CBE12EC00FBA8F2 /* Frameworks */,
				88D0FDD92CBE12EC00FBA8F2 /* Resources */,
			);
			buildRules = (
			);
			dependencies = (
				88D0FDDD2CBE12EC00FBA8F2 /* PBXTargetDependency */,
			);
			fileSystemSynchronizedGroups = (
				88D0FDDE2CBE12EC00FBA8F2 /* QuranGuideUITests */,
			);
			name = QuranGuideUITests;
			packageProductDependencies = (
			);
			productName = QuranGuideUITests;
			productReference = 88D0FDDB2CBE12EC00FBA8F2 /* QuranGuideUITests.xctest */;
			productType = "com.apple.product-type.bundle.ui-testing";
		};
/* End PBXNativeTarget section */

/* Begin PBXProject section */
		88D0FDB42CBE12EA00FBA8F2 /* Project object */ = {
			isa = PBXProject;
			attributes = {
				BuildIndependentTargetsInParallel = 1;
				LastSwiftUpdateCheck = 1600;
				LastUpgradeCheck = 1600;
				TargetAttributes = {
					88D0FDBB2CBE12EA00FBA8F2 = {
						CreatedOnToolsVersion = 16.0;
					};
					88D0FDD02CBE12EC00FBA8F2 = {
						CreatedOnToolsVersion = 16.0;
						TestTargetID = 88D0FDBB2CBE12EA00FBA8F2;
					};
					88D0FDDA2CBE12EC00FBA8F2 = {
						CreatedOnToolsVersion = 16.0;
						TestTargetID = 88D0FDBB2CBE12EA00FBA8F2;
					};
				};
			};
			buildConfigurationList = 88D0FDB72CBE12EA00FBA8F2 /* Build configuration list for PBXProject "QuranGuide" */;
			developmentRegion = en;
			hasScannedForEncodings = 0;
			knownRegions = (
				en,
				Base,
			);
			mainGroup = 88D0FDB32CBE12EA00FBA8F2;
			minimizedProjectReferenceProxies = 1;
			preferredProjectObjectVersion = 77;
			productRefGroup = 88D0FDBD2CBE12EA00FBA8F2 /* Products */;
			projectDirPath = "";
			projectRoot = "";
			targets = (
				88D0FDBB2CBE12EA00FBA8F2 /* QuranGuide */,
				88D0FDD02CBE12EC00FBA8F2 /* QuranGuideTests */,
				88D0FDDA2CBE12EC00FBA8F2 /* QuranGuideUITests */,
			);
		};
/* End PBXProject section */

/* Begin PBXResourcesBuildPhase section */
		88D0FDBA2CBE12EA00FBA8F2 /* Resources */ = {
			isa = PBXResourcesBuildPhase;
			buildActionMask = 2147483647;
			files = (
			);
			runOnlyForDeploymentPostprocessing = 0;
		};
		88D0FDCF2CBE12EC00FBA8F2 /* Resources */ = {
			isa = PBXResourcesBuildPhase;
			buildActionMask = 2147483647;
			files = (
			);
			runOnlyForDeploymentPostprocessing = 0;
		};
		88D0FDD92CBE12EC00FBA8F2 /* Resources */ = {
			isa = PBXResourcesBuildPhase;
			buildActionMask = 2147483647;
			files = (
			);
			runOnlyForDeploymentPostprocessing = 0;
		};
/* End PBXResourcesBuildPhase section */

/* Begin PBXSourcesBuildPhase section */
		88D0FDB82CBE12EA00FBA8F2 /* Sources */ = {
			isa = PBXSourcesBuildPhase;
			buildActionMask = 2147483647;
			files = (
			);
			runOnlyForDeploymentPostprocessing = 0;
		};
		88D0FDCD2CBE12EC00FBA8F2 /* Sources */ = {
			isa = PBXSourcesBuildPhase;
			buildActionMask = 2147483647;
			files = (
			);
			runOnlyForDeploymentPostprocessing = 0;
		};
		88D0FDD72CBE12EC00FBA8F2 /* Sources */ = {
			isa = PBXSourcesBuildPhase;
			buildActionMask = 2147483647;
			files = (
			);
			runOnlyForDeploymentPostprocessing = 0;
		};
/* End PBXSourcesBuildPhase section */

/* Begin PBXTargetDependency section */
		88D0FDD32CBE12EC00FBA8F2 /* PBXTargetDependency */ = {
			isa = PBXTargetDependency;
			target = 88D0FDBB2CBE12EA00FBA8F2 /* QuranGuide */;
			targetProxy = 88D0FDD22CBE12EC00FBA8F2 /* PBXContainerItemProxy */;
		};
		88D0FDDD2CBE12EC00FBA8F2 /* PBXTargetDependency */ = {
			isa = PBXTargetDependency;
			target = 88D0FDBB2CBE12EA00FBA8F2 /* QuranGuide */;
			targetProxy = 88D0FDDC2CBE12EC00FBA8F2 /* PBXContainerItemProxy */;
		};
/* End PBXTargetDependency section */

/* Begin XCBuildConfiguration section */
		88D0FDE32CBE12EC00FBA8F2 /* Debug */ = {
			isa = XCBuildConfiguration;
			buildSettings = {
				ALWAYS_SEARCH_USER_PATHS = NO;
				ASSETCATALOG_COMPILER_GENERATE_SWIFT_ASSET_SYMBOL_EXTENSIONS = YES;
				CLANG_ANALYZER_NONNULL = YES;
				CLANG_ANALYZER_NUMBER_OBJECT_CONVERSION = YES_AGGRESSIVE;
				CLANG_CXX_LANGUAGE_STANDARD = "gnu++20";
				CLANG_ENABLE_MODULES = YES;
				CLANG_ENABLE_OBJC_ARC = YES;
				CLANG_ENABLE_OBJC_WEAK = YES;
				CLANG_WARN_BLOCK_CAPTURE_AUTORELEASING = YES;
				CLANG_WARN_BOOL_CONVERSION = YES;
				CLANG_WARN_COMMA = YES;
				CLANG_WARN_CONSTANT_CONVERSION = YES;
				CLANG_WARN_DEPRECATED_OBJC_IMPLEMENTATIONS = YES;
				CLANG_WARN_DIRECT_OBJC_ISA_USAGE = YES_ERROR;
				CLANG_WARN_DOCUMENTATION_COMMENTS = YES;
				CLANG_WARN_EMPTY_BODY = YES;
				CLANG_WARN_ENUM_CONVERSION = YES;
				CLANG_WARN_INFINITE_RECURSION = YES;
				CLANG_WARN_INT_CONVERSION = YES;
				CLANG_WARN_NON_LITERAL_NULL_CONVERSION = YES;
				CLANG_WARN_OBJC_IMPLICIT_RETAIN_SELF = YES;
				CLANG_WARN_OBJC_LITERAL_CONVERSION = YES;
				CLANG_WARN_OBJC_ROOT_CLASS = YES_ERROR;
				CLANG_WARN_QUOTED_INCLUDE_IN_FRAMEWORK_HEADER = YES;
				CLANG_WARN_RANGE_LOOP_ANALYSIS = YES;
				CLANG_WARN_STRICT_PROTOTYPES = YES;
				CLANG_WARN_SUSPICIOUS_MOVE = YES;
				CLANG_WARN_UNGUARDED_AVAILABILITY = YES_AGGRESSIVE;
				CLANG_WARN_UNREACHABLE_CODE = YES;
				CLANG_WARN__DUPLICATE_METHOD_MATCH = YES;
				COPY_PHASE_STRIP = NO;
				DEBUG_INFORMATION_FORMAT = dwarf;
				ENABLE_STRICT_OBJC_MSGSEND = YES;
				ENABLE_TESTABILITY = YES;
				ENABLE_USER_SCRIPT_SANDBOXING = YES;
				GCC_C_LANGUAGE_STANDARD = gnu17;
				GCC_DYNAMIC_NO_PIC = NO;
				GCC_NO_COMMON_BLOCKS = YES;
				GCC_OPTIMIZATION_LEVEL = 0;
				GCC_PREPROCESSOR_DEFINITIONS = (
					"DEBUG=1",
					"$(inherited)",
				);
				GCC_WARN_64_TO_32_BIT_CONVERSION = YES;
				GCC_WARN_ABOUT_RETURN_TYPE = YES_ERROR;
				GCC_WARN_UNDECLARED_SELECTOR = YES;
				GCC_WARN_UNINITIALIZED_AUTOS = YES_AGGRESSIVE;
				GCC_WARN_UNUSED_FUNCTION = YES;
				GCC_WARN_UNUSED_VARIABLE = YES;
				IPHONEOS_DEPLOYMENT_TARGET = 18.0;
				LOCALIZATION_PREFERS_STRING_CATALOGS = YES;
				MTL_ENABLE_DEBUG_INFO = INCLUDE_SOURCE;
				MTL_FAST_MATH = YES;
				ONLY_ACTIVE_ARCH = YES;
				SDKROOT = iphoneos;
				SWIFT_ACTIVE_COMPILATION_CONDITIONS = "DEBUG $(inherited)";
				SWIFT_OPTIMIZATION_LEVEL = "-Onone";
			};
			name = Debug;
		};
		88D0FDE42CBE12EC00FBA8F2 /* Release */ = {
			isa = XCBuildConfiguration;
			buildSettings = {
				ALWAYS_SEARCH_USER_PATHS = NO;
				ASSETCATALOG_COMPILER_GENERATE_SWIFT_ASSET_SYMBOL_EXTENSIONS = YES;
				CLANG_ANALYZER_NONNULL = YES;
				CLANG_ANALYZER_NUMBER_OBJECT_CONVERSION = YES_AGGRESSIVE;
				CLANG_CXX_LANGUAGE_STANDARD = "gnu++20";
				CLANG_ENABLE_MODULES = YES;
				CLANG_ENABLE_OBJC_ARC = YES;
				CLANG_ENABLE_OBJC_WEAK = YES;
				CLANG_WARN_BLOCK_CAPTURE_AUTORELEASING = YES;
				CLANG_WARN_BOOL_CONVERSION = YES;
				CLANG_WARN_COMMA = YES;
				CLANG_WARN_CONSTANT_CONVERSION = YES;
				CLANG_WARN_DEPRECATED_OBJC_IMPLEMENTATIONS = YES;
				CLANG_WARN_DIRECT_OBJC_ISA_USAGE = YES_ERROR;
				CLANG_WARN_DOCUMENTATION_COMMENTS = YES;
				CLANG_WARN_EMPTY_BODY = YES;
				CLANG_WARN_ENUM_CONVERSION = YES;
				CLANG_WARN_INFINITE_RECURSION = YES;
				CLANG_WARN_INT_CONVERSION = YES;
				CLANG_WARN_NON_LITERAL_NULL_CONVERSION = YES;
				CLANG_WARN_OBJC_IMPLICIT_RETAIN_SELF = YES;
				CLANG_WARN_OBJC_LITERAL_CONVERSION = YES;
				CLANG_WARN_OBJC_ROOT_CLASS = YES_ERROR;
				CLANG_WARN_QUOTED_INCLUDE_IN_FRAMEWORK_HEADER = YES;
				CLANG_WARN_RANGE_LOOP_ANALYSIS = YES;
				CLANG_WARN_STRICT_PROTOTYPES = YES;
				CLANG_WARN_SUSPICIOUS_MOVE = YES;
				CLANG_WARN_UNGUARDED_AVAILABILITY = YES_AGGRESSIVE;
				CLANG_WARN_UNREACHABLE_CODE = YES;
				CLANG_WARN__DUPLICATE_METHOD_MATCH = YES;
				COPY_PHASE_STRIP = NO;
				DEBUG_INFORMATION_FORMAT = "dwarf-with-dsym";
				ENABLE_NS_ASSERTIONS = NO;
				ENABLE_STRICT_OBJC_MSGSEND = YES;
				ENABLE_USER_SCRIPT_SANDBOXING = YES;
				GCC_C_LANGUAGE_STANDARD = gnu17;
				GCC_NO_COMMON_BLOCKS = YES;
				GCC_WARN_64_TO_32_BIT_CONVERSION = YES;
				GCC_WARN_ABOUT_RETURN_TYPE = YES_ERROR;
				GCC_WARN_UNDECLARED_SELECTOR = YES;
				GCC_WARN_UNINITIALIZED_AUTOS = YES_AGGRESSIVE;
				GCC_WARN_UNUSED_FUNCTION = YES;
				GCC_WARN_UNUSED_VARIABLE = YES;
				IPHONEOS_DEPLOYMENT_TARGET = 18.0;
				LOCALIZATION_PREFERS_STRING_CATALOGS = YES;
				MTL_ENABLE_DEBUG_INFO = NO;
				MTL_FAST_MATH = YES;
				SDKROOT = iphoneos;
				SWIFT_COMPILATION_MODE = wholemodule;
				VALIDATE_PRODUCT = YES;
			};
			name = Release;
		};
		88D0FDE62CBE12EC00FBA8F2 /* Debug */ = {
			isa = XCBuildConfiguration;
			buildSettings = {
				ASSETCATALOG_COMPILER_APPICON_NAME = AppIcon;
				ASSETCATALOG_COMPILER_GLOBAL_ACCENT_COLOR_NAME = AccentColor;
				CODE_SIGN_STYLE = Automatic;
				CURRENT_PROJECT_VERSION = 1;
				DEVELOPMENT_ASSET_PATHS = "\"QuranGuide/Preview Content\"";
				DEVELOPMENT_TEAM = N99AL8BGV4;
				ENABLE_PREVIEWS = YES;
				GENERATE_INFOPLIST_FILE = YES;
				INFOPLIST_KEY_UIApplicationSceneManifest_Generation = YES;
				INFOPLIST_KEY_UIApplicationSupportsIndirectInputEvents = YES;
				INFOPLIST_KEY_UILaunchScreen_Generation = YES;
				INFOPLIST_KEY_UISupportedInterfaceOrientations_iPad = "UIInterfaceOrientationPortrait UIInterfaceOrientationPortraitUpsideDown UIInterfaceOrientationLandscapeLeft UIInterfaceOrientationLandscapeRight";
				INFOPLIST_KEY_UISupportedInterfaceOrientations_iPhone = "UIInterfaceOrientationPortrait UIInterfaceOrientationLandscapeLeft UIInterfaceOrientationLandscapeRight";
				LD_RUNPATH_SEARCH_PATHS = (
					"$(inherited)",
					"@executable_path/Frameworks",
				);
				MARKETING_VERSION = 1.0;
				PRODUCT_BUNDLE_IDENTIFIER = com.sjemai.QuranGuide;
				PRODUCT_NAME = "$(TARGET_NAME)";
				SWIFT_EMIT_LOC_STRINGS = YES;
				SWIFT_VERSION = 5.0;
				TARGETED_DEVICE_FAMILY = "1,2";
			};
			name = Debug;
		};
		88D0FDE72CBE12EC00FBA8F2 /* Release */ = {
			isa = XCBuildConfiguration;
			buildSettings = {
				ASSETCATALOG_COMPILER_APPICON_NAME = AppIcon;
				ASSETCATALOG_COMPILER_GLOBAL_ACCENT_COLOR_NAME = AccentColor;
				CODE_SIGN_STYLE = Automatic;
				CURRENT_PROJECT_VERSION = 1;
				DEVELOPMENT_ASSET_PATHS = "\"QuranGuide/Preview Content\"";
				DEVELOPMENT_TEAM = N99AL8BGV4;
				ENABLE_PREVIEWS = YES;
				GENERATE_INFOPLIST_FILE = YES;
				INFOPLIST_KEY_UIApplicationSceneManifest_Generation = YES;
				INFOPLIST_KEY_UIApplicationSupportsIndirectInputEvents = YES;
				INFOPLIST_KEY_UILaunchScreen_Generation = YES;
				INFOPLIST_KEY_UISupportedInterfaceOrientations_iPad = "UIInterfaceOrientationPortrait UIInterfaceOrientationPortraitUpsideDown UIInterfaceOrientationLandscapeLeft UIInterfaceOrientationLandscapeRight";
				INFOPLIST_KEY_UISupportedInterfaceOrientations_iPhone = "UIInterfaceOrientationPortrait UIInterfaceOrientationLandscapeLeft UIInterfaceOrientationLandscapeRight";
				LD_RUNPATH_SEARCH_PATHS = (
					"$(inherited)",
					"@executable_path/Frameworks",
				);
				MARKETING_VERSION = 1.0;
				PRODUCT_BUNDLE_IDENTIFIER = com.sjemai.QuranGuide;
				PRODUCT_NAME = "$(TARGET_NAME)";
				SWIFT_EMIT_LOC_STRINGS = YES;
				SWIFT_VERSION = 5.0;
				TARGETED_DEVICE_FAMILY = "1,2";
			};
			name = Release;
		};
		88D0FDE92CBE12EC00FBA8F2 /* Debug */ = {
			isa = XCBuildConfiguration;
			buildSettings = {
				BUNDLE_LOADER = "$(TEST_HOST)";
				CODE_SIGN_STYLE = Automatic;
				CURRENT_PROJECT_VERSION = 1;
				DEVELOPMENT_TEAM = N99AL8BGV4;
				GENERATE_INFOPLIST_FILE = YES;
				IPHONEOS_DEPLOYMENT_TARGET = 18.0;
				MARKETING_VERSION = 1.0;
				PRODUCT_BUNDLE_IDENTIFIER = com.sjemai.QuranGuideTests;
				PRODUCT_NAME = "$(TARGET_NAME)";
				SWIFT_EMIT_LOC_STRINGS = NO;
				SWIFT_VERSION = 5.0;
				TARGETED_DEVICE_FAMILY = "1,2";
				TEST_HOST = "$(BUILT_PRODUCTS_DIR)/QuranGuide.app/$(BUNDLE_EXECUTABLE_FOLDER_PATH)/QuranGuide";
			};
			name = Debug;
		};
		88D0FDEA2CBE12EC00FBA8F2 /* Release */ = {
			isa = XCBuildConfiguration;
			buildSettings = {
				BUNDLE_LOADER = "$(TEST_HOST)";
				CODE_SIGN_STYLE = Automatic;
				CURRENT_PROJECT_VERSION = 1;
				DEVELOPMENT_TEAM = N99AL8BGV4;
				GENERATE_INFOPLIST_FILE = YES;
				IPHONEOS_DEPLOYMENT_TARGET = 18.0;
				MARKETING_VERSION = 1.0;
				PRODUCT_BUNDLE_IDENTIFIER = com.sjemai.QuranGuideTests;
				PRODUCT_NAME = "$(TARGET_NAME)";
				SWIFT_EMIT_LOC_STRINGS = NO;
				SWIFT_VERSION = 5.0;
				TARGETED_DEVICE_FAMILY = "1,2";
				TEST_HOST = "$(BUILT_PRODUCTS_DIR)/QuranGuide.app/$(BUNDLE_EXECUTABLE_FOLDER_PATH)/QuranGuide";
			};
			name = Release;
		};
		88D0FDEC2CBE12EC00FBA8F2 /* Debug */ = {
			isa = XCBuildConfiguration;
			buildSettings = {
				CODE_SIGN_STYLE = Automatic;
				CURRENT_PROJECT_VERSION = 1;
				DEVELOPMENT_TEAM = N99AL8BGV4;
				GENERATE_INFOPLIST_FILE = YES;
				MARKETING_VERSION = 1.0;
				PRODUCT_BUNDLE_IDENTIFIER = com.sjemai.QuranGuideUITests;
				PRODUCT_NAME = "$(TARGET_NAME)";
				SWIFT_EMIT_LOC_STRINGS = NO;
				SWIFT_VERSION = 5.0;
				TARGETED_DEVICE_FAMILY = "1,2";
				TEST_TARGET_NAME = QuranGuide;
			};
			name = Debug;
		};
		88D0FDED2CBE12EC00FBA8F2 /* Release */ = {
			isa = XCBuildConfiguration;
			buildSettings = {
				CODE_SIGN_STYLE = Automatic;
				CURRENT_PROJECT_VERSION = 1;
				DEVELOPMENT_TEAM = N99AL8BGV4;
				GENERATE_INFOPLIST_FILE = YES;
				MARKETING_VERSION = 1.0;
				PRODUCT_BUNDLE_IDENTIFIER = com.sjemai.QuranGuideUITests;
				PRODUCT_NAME = "$(TARGET_NAME)";
				SWIFT_EMIT_LOC_STRINGS = NO;
				SWIFT_VERSION = 5.0;
				TARGETED_DEVICE_FAMILY = "1,2";
				TEST_TARGET_NAME = QuranGuide;
			};
			name = Release;
		};
/* End XCBuildConfiguration section */

/* Begin XCConfigurationList section */
		88D0FDB72CBE12EA00FBA8F2 /* Build configuration list for PBXProject "QuranGuide" */ = {
			isa = XCConfigurationList;
			buildConfigurations = (
				88D0FDE32CBE12EC00FBA8F2 /* Debug */,
				88D0FDE42CBE12EC00FBA8F2 /* Release */,
			);
			defaultConfigurationIsVisible = 0;
			defaultConfigurationName = Release;
		};
		88D0FDE52CBE12EC00FBA8F2 /* Build configuration list for PBXNativeTarget "QuranGuide" */ = {
			isa = XCConfigurationList;
			buildConfigurations = (
				88D0FDE62CBE12EC00FBA8F2 /* Debug */,
				88D0FDE72CBE12EC00FBA8F2 /* Release */,
			);
			defaultConfigurationIsVisible = 0;
			defaultConfigurationName = Release;
		};
		88D0FDE82CBE12EC00FBA8F2 /* Build configuration list for PBXNativeTarget "QuranGuideTests" */ = {
			isa = XCConfigurationList;
			buildConfigurations = (
				88D0FDE92CBE12EC00FBA8F2 /* Debug */,
				88D0FDEA2CBE12EC00FBA8F2 /* Release */,
			);
			defaultConfigurationIsVisible = 0;
			defaultConfigurationName = Release;
		};
		88D0FDEB2CBE12EC00FBA8F2 /* Build configuration list for PBXNativeTarget "QuranGuideUITests" */ = {
			isa = XCConfigurationList;
			buildConfigurations = (
				88D0FDEC2CBE12EC00FBA8F2 /* Debug */,
				88D0FDED2CBE12EC00FBA8F2 /* Release */,
			);
			defaultConfigurationIsVisible = 0;
			defaultConfigurationName = Release;
		};
/* End XCConfigurationList section */
	};
	rootObject = 88D0FDB42CBE12EA00FBA8F2 /* Project object */;
}
